// !$*UTF8*$!
{
	archiveVersion = 1;
	classes = {
	};
	objectVersion = 56;
	objects = {

/* Begin PBXBuildFile section */
		2E14A2192B69C7CD00B75CDB /* SnapKit in Frameworks */ = {isa = PBXBuildFile; productRef = 2E14A2182B69C7CD00B75CDB /* SnapKit */; };
		2E279DF82B68DBFB0086F827 /* AppDelegate.swift in Sources */ = {isa = PBXBuildFile; fileRef = 2E279DF72B68DBFB0086F827 /* AppDelegate.swift */; };
		2E279DFA2B68DBFB0086F827 /* SceneDelegate.swift in Sources */ = {isa = PBXBuildFile; fileRef = 2E279DF92B68DBFB0086F827 /* SceneDelegate.swift */; };
		2E279DFC2B68DBFB0086F827 /* ContentOverviewViewController.swift in Sources */ = {isa = PBXBuildFile; fileRef = 2E279DFB2B68DBFB0086F827 /* ContentOverviewViewController.swift */; };
		2E279E012B68DBFD0086F827 /* Assets.xcassets in Resources */ = {isa = PBXBuildFile; fileRef = 2E279E002B68DBFD0086F827 /* Assets.xcassets */; };
		2E279E042B68DBFD0086F827 /* LaunchScreen.storyboard in Resources */ = {isa = PBXBuildFile; fileRef = 2E279E022B68DBFD0086F827 /* LaunchScreen.storyboard */; };
		2E279E0F2B68DCE40086F827 /* Kingfisher in Frameworks */ = {isa = PBXBuildFile; productRef = 2E279E0E2B68DCE40086F827 /* Kingfisher */; };
		2E279E122B68DCED0086F827 /* Alamofire in Frameworks */ = {isa = PBXBuildFile; productRef = 2E279E112B68DCED0086F827 /* Alamofire */; };
		2E279E1A2B68DD010086F827 /* Then in Frameworks */ = {isa = PBXBuildFile; productRef = 2E279E192B68DD010086F827 /* Then */; };
		2E279E1C2B68DE130086F827 /* ContentOverviewTableViewCell.swift in Sources */ = {isa = PBXBuildFile; fileRef = 2E279E1B2B68DE130086F827 /* ContentOverviewTableViewCell.swift */; };
		2E279E1F2B68DEA00086F827 /* UIView+addSubViews.swift in Sources */ = {isa = PBXBuildFile; fileRef = 2E279E1E2B68DEA00086F827 /* UIView+addSubViews.swift */; };
		2E279E212B68E1440086F827 /* TMDBAPIManager.swift in Sources */ = {isa = PBXBuildFile; fileRef = 2E279E202B68E1440086F827 /* TMDBAPIManager.swift */; };
		2E279E232B68E1580086F827 /* .gitignore in Resources */ = {isa = PBXBuildFile; fileRef = 2E279E222B68E1580086F827 /* .gitignore */; };
		2E279E252B68E1700086F827 /* APIKey.swift in Sources */ = {isa = PBXBuildFile; fileRef = 2E279E242B68E1700086F827 /* APIKey.swift */; };
		2E279E272B68E1E70086F827 /* TVSeriesModel.swift in Sources */ = {isa = PBXBuildFile; fileRef = 2E279E262B68E1E70086F827 /* TVSeriesModel.swift */; };
		2E279E2A2B68E5550086F827 /* WhiteTextLabel.swift in Sources */ = {isa = PBXBuildFile; fileRef = 2E279E292B68E5550086F827 /* WhiteTextLabel.swift */; };
		2E279E2D2B68E70B0086F827 /* ContentsCollectionViewCell.swift in Sources */ = {isa = PBXBuildFile; fileRef = 2E279E2C2B68E70B0086F827 /* ContentsCollectionViewCell.swift */; };
		2E279E2F2B68E72E0086F827 /* PosterImageView.swift in Sources */ = {isa = PBXBuildFile; fileRef = 2E279E2E2B68E72E0086F827 /* PosterImageView.swift */; };
		2E3E5A752B6BF0E00000E651 /* RecommendModel.swift in Sources */ = {isa = PBXBuildFile; fileRef = 2E3E5A742B6BF0E00000E651 /* RecommendModel.swift */; };
		2E7FD3132B70A2960098EDE8 /* TMDBSessionManager.swift in Sources */ = {isa = PBXBuildFile; fileRef = 2E7FD3122B70A2960098EDE8 /* TMDBSessionManager.swift */; };
		2E9A64A62B6A44ED0049A2B2 /* DetailModel.swift in Sources */ = {isa = PBXBuildFile; fileRef = 2E9A64A52B6A44ED0049A2B2 /* DetailModel.swift */; };
		2E9A64A92B6A4B710049A2B2 /* DetailViewController.swift in Sources */ = {isa = PBXBuildFile; fileRef = 2E9A64A82B6A4B710049A2B2 /* DetailViewController.swift */; };
		2E9A64AB2B6A4FC00049A2B2 /* DetailTableViewCell.swift in Sources */ = {isa = PBXBuildFile; fileRef = 2E9A64AA2B6A4FC00049A2B2 /* DetailTableViewCell.swift */; };
		2E9A64AD2B6A55910049A2B2 /* CastModel.swift in Sources */ = {isa = PBXBuildFile; fileRef = 2E9A64AC2B6A55910049A2B2 /* CastModel.swift */; };
		2EBAFAE12B6F6E63003032B9 /* TMDBAPI.swift in Sources */ = {isa = PBXBuildFile; fileRef = 2EBAFAE02B6F6E63003032B9 /* TMDBAPI.swift */; };
		2EBAFAE42B6F8755003032B9 /* BaseViewController.swift in Sources */ = {isa = PBXBuildFile; fileRef = 2EBAFAE32B6F8755003032B9 /* BaseViewController.swift */; };
		2EBAFAE62B6F8761003032B9 /* BaseView.swift in Sources */ = {isa = PBXBuildFile; fileRef = 2EBAFAE52B6F8761003032B9 /* BaseView.swift */; };
		2EE0FF7B2B7BD3AD00CA5F42 /* TabBarViewController.swift in Sources */ = {isa = PBXBuildFile; fileRef = 2EE0FF7A2B7BD3AD00CA5F42 /* TabBarViewController.swift */; };
		2EE0FF7E2B7BD43600CA5F42 /* MyPageViewController.swift in Sources */ = {isa = PBXBuildFile; fileRef = 2EE0FF7D2B7BD43600CA5F42 /* MyPageViewController.swift */; };
		2EE0FF802B7BD7BB00CA5F42 /* EditProfileViewController.swift in Sources */ = {isa = PBXBuildFile; fileRef = 2EE0FF7F2B7BD7BB00CA5F42 /* EditProfileViewController.swift */; };
/* End PBXBuildFile section */

/* Begin PBXFileReference section */
		2E279DF42B68DBFB0086F827 /* Media.app */ = {isa = PBXFileReference; explicitFileType = wrapper.application; includeInIndex = 0; path = Media.app; sourceTree = BUILT_PRODUCTS_DIR; };
		2E279DF72B68DBFB0086F827 /* AppDelegate.swift */ = {isa = PBXFileReference; lastKnownFileType = sourcecode.swift; path = AppDelegate.swift; sourceTree = "<group>"; };
		2E279DF92B68DBFB0086F827 /* SceneDelegate.swift */ = {isa = PBXFileReference; lastKnownFileType = sourcecode.swift; path = SceneDelegate.swift; sourceTree = "<group>"; };
		2E279DFB2B68DBFB0086F827 /* ContentOverviewViewController.swift */ = {isa = PBXFileReference; lastKnownFileType = sourcecode.swift; path = ContentOverviewViewController.swift; sourceTree = "<group>"; };
		2E279E002B68DBFD0086F827 /* Assets.xcassets */ = {isa = PBXFileReference; lastKnownFileType = folder.assetcatalog; path = Assets.xcassets; sourceTree = "<group>"; };
		2E279E032B68DBFD0086F827 /* Base */ = {isa = PBXFileReference; lastKnownFileType = file.storyboard; name = Base; path = Base.lproj/LaunchScreen.storyboard; sourceTree = "<group>"; };
		2E279E052B68DBFD0086F827 /* Info.plist */ = {isa = PBXFileReference; lastKnownFileType = text.plist.xml; path = Info.plist; sourceTree = "<group>"; };
		2E279E1B2B68DE130086F827 /* ContentOverviewTableViewCell.swift */ = {isa = PBXFileReference; lastKnownFileType = sourcecode.swift; path = ContentOverviewTableViewCell.swift; sourceTree = "<group>"; };
		2E279E1E2B68DEA00086F827 /* UIView+addSubViews.swift */ = {isa = PBXFileReference; lastKnownFileType = sourcecode.swift; path = "UIView+addSubViews.swift"; sourceTree = "<group>"; };
		2E279E202B68E1440086F827 /* TMDBAPIManager.swift */ = {isa = PBXFileReference; lastKnownFileType = sourcecode.swift; path = TMDBAPIManager.swift; sourceTree = "<group>"; };
		2E279E222B68E1580086F827 /* .gitignore */ = {isa = PBXFileReference; lastKnownFileType = text; path = .gitignore; sourceTree = "<group>"; };
		2E279E242B68E1700086F827 /* APIKey.swift */ = {isa = PBXFileReference; lastKnownFileType = sourcecode.swift; path = APIKey.swift; sourceTree = "<group>"; };
		2E279E262B68E1E70086F827 /* TVSeriesModel.swift */ = {isa = PBXFileReference; lastKnownFileType = sourcecode.swift; path = TVSeriesModel.swift; sourceTree = "<group>"; };
		2E279E292B68E5550086F827 /* WhiteTextLabel.swift */ = {isa = PBXFileReference; lastKnownFileType = sourcecode.swift; path = WhiteTextLabel.swift; sourceTree = "<group>"; };
		2E279E2C2B68E70B0086F827 /* ContentsCollectionViewCell.swift */ = {isa = PBXFileReference; lastKnownFileType = sourcecode.swift; path = ContentsCollectionViewCell.swift; sourceTree = "<group>"; };
		2E279E2E2B68E72E0086F827 /* PosterImageView.swift */ = {isa = PBXFileReference; lastKnownFileType = sourcecode.swift; path = PosterImageView.swift; sourceTree = "<group>"; };
		2E3E5A742B6BF0E00000E651 /* RecommendModel.swift */ = {isa = PBXFileReference; lastKnownFileType = sourcecode.swift; path = RecommendModel.swift; sourceTree = "<group>"; };
		2E7FD3122B70A2960098EDE8 /* TMDBSessionManager.swift */ = {isa = PBXFileReference; lastKnownFileType = sourcecode.swift; path = TMDBSessionManager.swift; sourceTree = "<group>"; };
		2E9A64A52B6A44ED0049A2B2 /* DetailModel.swift */ = {isa = PBXFileReference; lastKnownFileType = sourcecode.swift; path = DetailModel.swift; sourceTree = "<group>"; };
		2E9A64A82B6A4B710049A2B2 /* DetailViewController.swift */ = {isa = PBXFileReference; lastKnownFileType = sourcecode.swift; path = DetailViewController.swift; sourceTree = "<group>"; };
		2E9A64AA2B6A4FC00049A2B2 /* DetailTableViewCell.swift */ = {isa = PBXFileReference; lastKnownFileType = sourcecode.swift; path = DetailTableViewCell.swift; sourceTree = "<group>"; };
		2E9A64AC2B6A55910049A2B2 /* CastModel.swift */ = {isa = PBXFileReference; lastKnownFileType = sourcecode.swift; path = CastModel.swift; sourceTree = "<group>"; };
		2EBAFAE02B6F6E63003032B9 /* TMDBAPI.swift */ = {isa = PBXFileReference; lastKnownFileType = sourcecode.swift; path = TMDBAPI.swift; sourceTree = "<group>"; };
		2EBAFAE32B6F8755003032B9 /* BaseViewController.swift */ = {isa = PBXFileReference; lastKnownFileType = sourcecode.swift; path = BaseViewController.swift; sourceTree = "<group>"; };
		2EBAFAE52B6F8761003032B9 /* BaseView.swift */ = {isa = PBXFileReference; lastKnownFileType = sourcecode.swift; path = BaseView.swift; sourceTree = "<group>"; };
		2EE0FF7A2B7BD3AD00CA5F42 /* TabBarViewController.swift */ = {isa = PBXFileReference; lastKnownFileType = sourcecode.swift; path = TabBarViewController.swift; sourceTree = "<group>"; };
		2EE0FF7D2B7BD43600CA5F42 /* MyPageViewController.swift */ = {isa = PBXFileReference; lastKnownFileType = sourcecode.swift; path = MyPageViewController.swift; sourceTree = "<group>"; };
		2EE0FF7F2B7BD7BB00CA5F42 /* EditProfileViewController.swift */ = {isa = PBXFileReference; lastKnownFileType = sourcecode.swift; path = EditProfileViewController.swift; sourceTree = "<group>"; };
/* End PBXFileReference section */

/* Begin PBXFrameworksBuildPhase section */
		2E279DF12B68DBFB0086F827 /* Frameworks */ = {
			isa = PBXFrameworksBuildPhase;
			buildActionMask = 2147483647;
			files = (
				2E279E1A2B68DD010086F827 /* Then in Frameworks */,
				2E14A2192B69C7CD00B75CDB /* SnapKit in Frameworks */,
				2E279E0F2B68DCE40086F827 /* Kingfisher in Frameworks */,
				2E279E122B68DCED0086F827 /* Alamofire in Frameworks */,
			);
			runOnlyForDeploymentPostprocessing = 0;
		};
/* End PBXFrameworksBuildPhase section */

/* Begin PBXGroup section */
		2E279DEB2B68DBFB0086F827 = {
			isa = PBXGroup;
			children = (
				2E279E222B68E1580086F827 /* .gitignore */,
				2E279DF62B68DBFB0086F827 /* Media */,
				2E279DF52B68DBFB0086F827 /* Products */,
			);
			sourceTree = "<group>";
		};
		2E279DF52B68DBFB0086F827 /* Products */ = {
			isa = PBXGroup;
			children = (
				2E279DF42B68DBFB0086F827 /* Media.app */,
			);
			name = Products;
			sourceTree = "<group>";
		};
		2E279DF62B68DBFB0086F827 /* Media */ = {
			isa = PBXGroup;
			children = (
				2E279E022B68DBFD0086F827 /* LaunchScreen.storyboard */,
				2E279DF72B68DBFB0086F827 /* AppDelegate.swift */,
				2E279DF92B68DBFB0086F827 /* SceneDelegate.swift */,
				2EE0FF7C2B7BD3F500CA5F42 /* Mypage */,
				2E279E0B2B68DCA10086F827 /* Network */,
				2EE0FF792B7BD39800CA5F42 /* TabBar */,
				2EBAFAE22B6F8743003032B9 /* Base */,
				2E9A64A72B6A4B350049A2B2 /* Detail */,
				2E279E0C2B68DCA70086F827 /* Main */,
				2E279E282B68E5430086F827 /* CustomView */,
				2E279E1D2B68DE6F0086F827 /* Extension */,
				2E279E002B68DBFD0086F827 /* Assets.xcassets */,
				2E279E052B68DBFD0086F827 /* Info.plist */,
			);
			path = Media;
			sourceTree = "<group>";
		};
		2E279E0B2B68DCA10086F827 /* Network */ = {
			isa = PBXGroup;
			children = (
				2EBAFAE02B6F6E63003032B9 /* TMDBAPI.swift */,
				2E279E202B68E1440086F827 /* TMDBAPIManager.swift */,
				2E7FD3122B70A2960098EDE8 /* TMDBSessionManager.swift */,
				2E279E242B68E1700086F827 /* APIKey.swift */,
				2E279E262B68E1E70086F827 /* TVSeriesModel.swift */,
				2E9A64A52B6A44ED0049A2B2 /* DetailModel.swift */,
				2E9A64AC2B6A55910049A2B2 /* CastModel.swift */,
				2E3E5A742B6BF0E00000E651 /* RecommendModel.swift */,
			);
			path = Network;
			sourceTree = "<group>";
		};
		2E279E0C2B68DCA70086F827 /* Main */ = {
			isa = PBXGroup;
			children = (
				2E279DFB2B68DBFB0086F827 /* ContentOverviewViewController.swift */,
				2E279E1B2B68DE130086F827 /* ContentOverviewTableViewCell.swift */,
				2E279E2C2B68E70B0086F827 /* ContentsCollectionViewCell.swift */,
			);
			path = Main;
			sourceTree = "<group>";
		};
		2E279E1D2B68DE6F0086F827 /* Extension */ = {
			isa = PBXGroup;
			children = (
				2E279E1E2B68DEA00086F827 /* UIView+addSubViews.swift */,
			);
			path = Extension;
			sourceTree = "<group>";
		};
		2E279E282B68E5430086F827 /* CustomView */ = {
			isa = PBXGroup;
			children = (
				2E279E292B68E5550086F827 /* WhiteTextLabel.swift */,
				2E279E2E2B68E72E0086F827 /* PosterImageView.swift */,
			);
			path = CustomView;
			sourceTree = "<group>";
		};
		2E9A64A72B6A4B350049A2B2 /* Detail */ = {
			isa = PBXGroup;
			children = (
				2E9A64A82B6A4B710049A2B2 /* DetailViewController.swift */,
				2E9A64AA2B6A4FC00049A2B2 /* DetailTableViewCell.swift */,
			);
			path = Detail;
			sourceTree = "<group>";
		};
		2EBAFAE22B6F8743003032B9 /* Base */ = {
			isa = PBXGroup;
			children = (
				2EBAFAE32B6F8755003032B9 /* BaseViewController.swift */,
				2EBAFAE52B6F8761003032B9 /* BaseView.swift */,
			);
			path = Base;
			sourceTree = "<group>";
		};
		2EE0FF792B7BD39800CA5F42 /* TabBar */ = {
			isa = PBXGroup;
			children = (
				2EE0FF7A2B7BD3AD00CA5F42 /* TabBarViewController.swift */,
			);
			path = TabBar;
			sourceTree = "<group>";
		};
		2EE0FF7C2B7BD3F500CA5F42 /* Mypage */ = {
			isa = PBXGroup;
			children = (
				2EE0FF7D2B7BD43600CA5F42 /* MyPageViewController.swift */,
				2EE0FF7F2B7BD7BB00CA5F42 /* EditProfileViewController.swift */,
			);
			path = Mypage;
			sourceTree = "<group>";
		};
/* End PBXGroup section */

/* Begin PBXNativeTarget section */
		2E279DF32B68DBFB0086F827 /* Media */ = {
			isa = PBXNativeTarget;
			buildConfigurationList = 2E279E082B68DBFD0086F827 /* Build configuration list for PBXNativeTarget "Media" */;
			buildPhases = (
				2E279DF02B68DBFB0086F827 /* Sources */,
				2E279DF12B68DBFB0086F827 /* Frameworks */,
				2E279DF22B68DBFB0086F827 /* Resources */,
			);
			buildRules = (
			);
			dependencies = (
			);
			name = Media;
			packageProductDependencies = (
				2E279E0E2B68DCE40086F827 /* Kingfisher */,
				2E279E112B68DCED0086F827 /* Alamofire */,
				2E279E192B68DD010086F827 /* Then */,
				2E14A2182B69C7CD00B75CDB /* SnapKit */,
			);
			productName = Media;
			productReference = 2E279DF42B68DBFB0086F827 /* Media.app */;
			productType = "com.apple.product-type.application";
		};
/* End PBXNativeTarget section */

/* Begin PBXProject section */
		2E279DEC2B68DBFB0086F827 /* Project object */ = {
			isa = PBXProject;
			attributes = {
				BuildIndependentTargetsInParallel = 1;
				LastSwiftUpdateCheck = 1520;
				LastUpgradeCheck = 1520;
				TargetAttributes = {
					2E279DF32B68DBFB0086F827 = {
						CreatedOnToolsVersion = 15.2;
					};
				};
			};
			buildConfigurationList = 2E279DEF2B68DBFB0086F827 /* Build configuration list for PBXProject "Media" */;
			compatibilityVersion = "Xcode 14.0";
			developmentRegion = en;
			hasScannedForEncodings = 0;
			knownRegions = (
				en,
				Base,
			);
			mainGroup = 2E279DEB2B68DBFB0086F827;
			packageReferences = (
				2E279E0D2B68DCE40086F827 /* XCRemoteSwiftPackageReference "Kingfisher" */,
				2E279E102B68DCED0086F827 /* XCRemoteSwiftPackageReference "Alamofire" */,
				2E279E182B68DD010086F827 /* XCRemoteSwiftPackageReference "Then" */,
				2E14A2172B69C7CD00B75CDB /* XCRemoteSwiftPackageReference "SnapKit" */,
			);
			productRefGroup = 2E279DF52B68DBFB0086F827 /* Products */;
			projectDirPath = "";
			projectRoot = "";
			targets = (
				2E279DF32B68DBFB0086F827 /* Media */,
			);
		};
/* End PBXProject section */

/* Begin PBXResourcesBuildPhase section */
		2E279DF22B68DBFB0086F827 /* Resources */ = {
			isa = PBXResourcesBuildPhase;
			buildActionMask = 2147483647;
			files = (
				2E279E042B68DBFD0086F827 /* LaunchScreen.storyboard in Resources */,
				2E279E232B68E1580086F827 /* .gitignore in Resources */,
				2E279E012B68DBFD0086F827 /* Assets.xcassets in Resources */,
			);
			runOnlyForDeploymentPostprocessing = 0;
		};
/* End PBXResourcesBuildPhase section */

/* Begin PBXSourcesBuildPhase section */
		2E279DF02B68DBFB0086F827 /* Sources */ = {
			isa = PBXSourcesBuildPhase;
			buildActionMask = 2147483647;
			files = (
				2E279E1F2B68DEA00086F827 /* UIView+addSubViews.swift in Sources */,
				2E279E252B68E1700086F827 /* APIKey.swift in Sources */,
				2E9A64A62B6A44ED0049A2B2 /* DetailModel.swift in Sources */,
				2E279E272B68E1E70086F827 /* TVSeriesModel.swift in Sources */,
				2EE0FF7B2B7BD3AD00CA5F42 /* TabBarViewController.swift in Sources */,
				2E3E5A752B6BF0E00000E651 /* RecommendModel.swift in Sources */,
				2EBAFAE42B6F8755003032B9 /* BaseViewController.swift in Sources */,
				2E279E212B68E1440086F827 /* TMDBAPIManager.swift in Sources */,
				2E279E2A2B68E5550086F827 /* WhiteTextLabel.swift in Sources */,
				2EBAFAE12B6F6E63003032B9 /* TMDBAPI.swift in Sources */,
				2EE0FF802B7BD7BB00CA5F42 /* EditProfileViewController.swift in Sources */,
				2E279DFC2B68DBFB0086F827 /* ContentOverviewViewController.swift in Sources */,
				2E279E2D2B68E70B0086F827 /* ContentsCollectionViewCell.swift in Sources */,
				2E9A64AB2B6A4FC00049A2B2 /* DetailTableViewCell.swift in Sources */,
				2E279DF82B68DBFB0086F827 /* AppDelegate.swift in Sources */,
				2E279E2F2B68E72E0086F827 /* PosterImageView.swift in Sources */,
				2E9A64AD2B6A55910049A2B2 /* CastModel.swift in Sources */,
				2E9A64A92B6A4B710049A2B2 /* DetailViewController.swift in Sources */,
				2EE0FF7E2B7BD43600CA5F42 /* MyPageViewController.swift in Sources */,
				2EBAFAE62B6F8761003032B9 /* BaseView.swift in Sources */,
				2E7FD3132B70A2960098EDE8 /* TMDBSessionManager.swift in Sources */,
				2E279E1C2B68DE130086F827 /* ContentOverviewTableViewCell.swift in Sources */,
				2E279DFA2B68DBFB0086F827 /* SceneDelegate.swift in Sources */,
			);
			runOnlyForDeploymentPostprocessing = 0;
		};
/* End PBXSourcesBuildPhase section */

/* Begin PBXVariantGroup section */
		2E279E022B68DBFD0086F827 /* LaunchScreen.storyboard */ = {
			isa = PBXVariantGroup;
			children = (
				2E279E032B68DBFD0086F827 /* Base */,
			);
			name = LaunchScreen.storyboard;
			sourceTree = "<group>";
		};
/* End PBXVariantGroup section */

/* Begin XCBuildConfiguration section */
		2E279E062B68DBFD0086F827 /* Debug */ = {
			isa = XCBuildConfiguration;
			buildSettings = {
				ALWAYS_SEARCH_USER_PATHS = NO;
				ASSETCATALOG_COMPILER_GENERATE_SWIFT_ASSET_SYMBOL_EXTENSIONS = YES;
				CLANG_ANALYZER_NONNULL = YES;
				CLANG_ANALYZER_NUMBER_OBJECT_CONVERSION = YES_AGGRESSIVE;
				CLANG_CXX_LANGUAGE_STANDARD = "gnu++20";
				CLANG_ENABLE_MODULES = YES;
				CLANG_ENABLE_OBJC_ARC = YES;
				CLANG_ENABLE_OBJC_WEAK = YES;
				CLANG_WARN_BLOCK_CAPTURE_AUTORELEASING = YES;
				CLANG_WARN_BOOL_CONVERSION = YES;
				CLANG_WARN_COMMA = YES;
				CLANG_WARN_CONSTANT_CONVERSION = YES;
				CLANG_WARN_DEPRECATED_OBJC_IMPLEMENTATIONS = YES;
				CLANG_WARN_DIRECT_OBJC_ISA_USAGE = YES_ERROR;
				CLANG_WARN_DOCUMENTATION_COMMENTS = YES;
				CLANG_WARN_EMPTY_BODY = YES;
				CLANG_WARN_ENUM_CONVERSION = YES;
				CLANG_WARN_INFINITE_RECURSION = YES;
				CLANG_WARN_INT_CONVERSION = YES;
				CLANG_WARN_NON_LITERAL_NULL_CONVERSION = YES;
				CLANG_WARN_OBJC_IMPLICIT_RETAIN_SELF = YES;
				CLANG_WARN_OBJC_LITERAL_CONVERSION = YES;
				CLANG_WARN_OBJC_ROOT_CLASS = YES_ERROR;
				CLANG_WARN_QUOTED_INCLUDE_IN_FRAMEWORK_HEADER = YES;
				CLANG_WARN_RANGE_LOOP_ANALYSIS = YES;
				CLANG_WARN_STRICT_PROTOTYPES = YES;
				CLANG_WARN_SUSPICIOUS_MOVE = YES;
				CLANG_WARN_UNGUARDED_AVAILABILITY = YES_AGGRESSIVE;
				CLANG_WARN_UNREACHABLE_CODE = YES;
				CLANG_WARN__DUPLICATE_METHOD_MATCH = YES;
				COPY_PHASE_STRIP = NO;
				DEBUG_INFORMATION_FORMAT = dwarf;
				ENABLE_STRICT_OBJC_MSGSEND = YES;
				ENABLE_TESTABILITY = YES;
				ENABLE_USER_SCRIPT_SANDBOXING = YES;
				GCC_C_LANGUAGE_STANDARD = gnu17;
				GCC_DYNAMIC_NO_PIC = NO;
				GCC_NO_COMMON_BLOCKS = YES;
				GCC_OPTIMIZATION_LEVEL = 0;
				GCC_PREPROCESSOR_DEFINITIONS = (
					"DEBUG=1",
					"$(inherited)",
				);
				GCC_WARN_64_TO_32_BIT_CONVERSION = YES;
				GCC_WARN_ABOUT_RETURN_TYPE = YES_ERROR;
				GCC_WARN_UNDECLARED_SELECTOR = YES;
				GCC_WARN_UNINITIALIZED_AUTOS = YES_AGGRESSIVE;
				GCC_WARN_UNUSED_FUNCTION = YES;
				GCC_WARN_UNUSED_VARIABLE = YES;
				IPHONEOS_DEPLOYMENT_TARGET = 17.2;
				LOCALIZATION_PREFERS_STRING_CATALOGS = YES;
				MTL_ENABLE_DEBUG_INFO = INCLUDE_SOURCE;
				MTL_FAST_MATH = YES;
				ONLY_ACTIVE_ARCH = YES;
				SDKROOT = iphoneos;
				SWIFT_ACTIVE_COMPILATION_CONDITIONS = "DEBUG $(inherited)";
				SWIFT_OPTIMIZATION_LEVEL = "-Onone";
			};
			name = Debug;
		};
		2E279E072B68DBFD0086F827 /* Release */ = {
			isa = XCBuildConfiguration;
			buildSettings = {
				ALWAYS_SEARCH_USER_PATHS = NO;
				ASSETCATALOG_COMPILER_GENERATE_SWIFT_ASSET_SYMBOL_EXTENSIONS = YES;
				CLANG_ANALYZER_NONNULL = YES;
				CLANG_ANALYZER_NUMBER_OBJECT_CONVERSION = YES_AGGRESSIVE;
				CLANG_CXX_LANGUAGE_STANDARD = "gnu++20";
				CLANG_ENABLE_MODULES = YES;
				CLANG_ENABLE_OBJC_ARC = YES;
				CLANG_ENABLE_OBJC_WEAK = YES;
				CLANG_WARN_BLOCK_CAPTURE_AUTORELEASING = YES;
				CLANG_WARN_BOOL_CONVERSION = YES;
				CLANG_WARN_COMMA = YES;
				CLANG_WARN_CONSTANT_CONVERSION = YES;
				CLANG_WARN_DEPRECATED_OBJC_IMPLEMENTATIONS = YES;
				CLANG_WARN_DIRECT_OBJC_ISA_USAGE = YES_ERROR;
				CLANG_WARN_DOCUMENTATION_COMMENTS = YES;
				CLANG_WARN_EMPTY_BODY = YES;
				CLANG_WARN_ENUM_CONVERSION = YES;
				CLANG_WARN_INFINITE_RECURSION = YES;
				CLANG_WARN_INT_CONVERSION = YES;
				CLANG_WARN_NON_LITERAL_NULL_CONVERSION = YES;
				CLANG_WARN_OBJC_IMPLICIT_RETAIN_SELF = YES;
				CLANG_WARN_OBJC_LITERAL_CONVERSION = YES;
				CLANG_WARN_OBJC_ROOT_CLASS = YES_ERROR;
				CLANG_WARN_QUOTED_INCLUDE_IN_FRAMEWORK_HEADER = YES;
				CLANG_WARN_RANGE_LOOP_ANALYSIS = YES;
				CLANG_WARN_STRICT_PROTOTYPES = YES;
				CLANG_WARN_SUSPICIOUS_MOVE = YES;
				CLANG_WARN_UNGUARDED_AVAILABILITY = YES_AGGRESSIVE;
				CLANG_WARN_UNREACHABLE_CODE = YES;
				CLANG_WARN__DUPLICATE_METHOD_MATCH = YES;
				COPY_PHASE_STRIP = NO;
				DEBUG_INFORMATION_FORMAT = "dwarf-with-dsym";
				ENABLE_NS_ASSERTIONS = NO;
				ENABLE_STRICT_OBJC_MSGSEND = YES;
				ENABLE_USER_SCRIPT_SANDBOXING = YES;
				GCC_C_LANGUAGE_STANDARD = gnu17;
				GCC_NO_COMMON_BLOCKS = YES;
				GCC_WARN_64_TO_32_BIT_CONVERSION = YES;
				GCC_WARN_ABOUT_RETURN_TYPE = YES_ERROR;
				GCC_WARN_UNDECLARED_SELECTOR = YES;
				GCC_WARN_UNINITIALIZED_AUTOS = YES_AGGRESSIVE;
				GCC_WARN_UNUSED_FUNCTION = YES;
				GCC_WARN_UNUSED_VARIABLE = YES;
				IPHONEOS_DEPLOYMENT_TARGET = 17.2;
				LOCALIZATION_PREFERS_STRING_CATALOGS = YES;
				MTL_ENABLE_DEBUG_INFO = NO;
				MTL_FAST_MATH = YES;
				SDKROOT = iphoneos;
				SWIFT_COMPILATION_MODE = wholemodule;
				VALIDATE_PRODUCT = YES;
			};
			name = Release;
		};
		2E279E092B68DBFD0086F827 /* Debug */ = {
			isa = XCBuildConfiguration;
			buildSettings = {
				ASSETCATALOG_COMPILER_APPICON_NAME = AppIcon;
				ASSETCATALOG_COMPILER_GLOBAL_ACCENT_COLOR_NAME = AccentColor;
				CODE_SIGN_STYLE = Automatic;
				CURRENT_PROJECT_VERSION = 1;
				DEVELOPMENT_TEAM = Q37X3LG46V;
				GENERATE_INFOPLIST_FILE = YES;
				INFOPLIST_FILE = Media/Info.plist;
				INFOPLIST_KEY_UIApplicationSupportsIndirectInputEvents = YES;
				INFOPLIST_KEY_UILaunchStoryboardName = LaunchScreen;
				INFOPLIST_KEY_UIMainStoryboardFile = "";
				INFOPLIST_KEY_UISupportedInterfaceOrientations_iPad = "UIInterfaceOrientationPortrait UIInterfaceOrientationPortraitUpsideDown UIInterfaceOrientationLandscapeLeft UIInterfaceOrientationLandscapeRight";
				INFOPLIST_KEY_UISupportedInterfaceOrientations_iPhone = "UIInterfaceOrientationPortrait UIInterfaceOrientationLandscapeLeft UIInterfaceOrientationLandscapeRight";
				LD_RUNPATH_SEARCH_PATHS = (
					"$(inherited)",
					"@executable_path/Frameworks",
				);
				MARKETING_VERSION = 1.0;
				PRODUCT_BUNDLE_IDENTIFIER = hwijin.Media;
				PRODUCT_NAME = "$(TARGET_NAME)";
				SUPPORTED_PLATFORMS = "iphoneos iphonesimulator";
				SUPPORTS_MACCATALYST = NO;
				SUPPORTS_MAC_DESIGNED_FOR_IPHONE_IPAD = NO;
				SUPPORTS_XR_DESIGNED_FOR_IPHONE_IPAD = NO;
				SWIFT_EMIT_LOC_STRINGS = YES;
				SWIFT_VERSION = 5.0;
				TARGETED_DEVICE_FAMILY = 1;
			};
			name = Debug;
		};
		2E279E0A2B68DBFD0086F827 /* Release */ = {
			isa = XCBuildConfiguration;
			buildSettings = {
				ASSETCATALOG_COMPILER_APPICON_NAME = AppIcon;
				ASSETCATALOG_COMPILER_GLOBAL_ACCENT_COLOR_NAME = AccentColor;
				CODE_SIGN_STYLE = Automatic;
				CURRENT_PROJECT_VERSION = 1;
				DEVELOPMENT_TEAM = Q37X3LG46V;
				GENERATE_INFOPLIST_FILE = YES;
				INFOPLIST_FILE = Media/Info.plist;
				INFOPLIST_KEY_UIApplicationSupportsIndirectInputEvents = YES;
				INFOPLIST_KEY_UILaunchStoryboardName = LaunchScreen;
				INFOPLIST_KEY_UIMainStoryboardFile = "";
				INFOPLIST_KEY_UISupportedInterfaceOrientations_iPad = "UIInterfaceOrientationPortrait UIInterfaceOrientationPortraitUpsideDown UIInterfaceOrientationLandscapeLeft UIInterfaceOrientationLandscapeRight";
				INFOPLIST_KEY_UISupportedInterfaceOrientations_iPhone = "UIInterfaceOrientationPortrait UIInterfaceOrientationLandscapeLeft UIInterfaceOrientationLandscapeRight";
				LD_RUNPATH_SEARCH_PATHS = (
					"$(inherited)",
					"@executable_path/Frameworks",
				);
				MARKETING_VERSION = 1.0;
				PRODUCT_BUNDLE_IDENTIFIER = hwijin.Media;
				PRODUCT_NAME = "$(TARGET_NAME)";
				SUPPORTED_PLATFORMS = "iphoneos iphonesimulator";
				SUPPORTS_MACCATALYST = NO;
				SUPPORTS_MAC_DESIGNED_FOR_IPHONE_IPAD = NO;
				SUPPORTS_XR_DESIGNED_FOR_IPHONE_IPAD = NO;
				SWIFT_EMIT_LOC_STRINGS = YES;
				SWIFT_VERSION = 5.0;
				TARGETED_DEVICE_FAMILY = 1;
			};
			name = Release;
		};
/* End XCBuildConfiguration section */

/* Begin XCConfigurationList section */
		2E279DEF2B68DBFB0086F827 /* Build configuration list for PBXProject "Media" */ = {
			isa = XCConfigurationList;
			buildConfigurations = (
				2E279E062B68DBFD0086F827 /* Debug */,
				2E279E072B68DBFD0086F827 /* Release */,
			);
			defaultConfigurationIsVisible = 0;
			defaultConfigurationName = Release;
		};
		2E279E082B68DBFD0086F827 /* Build configuration list for PBXNativeTarget "Media" */ = {
			isa = XCConfigurationList;
			buildConfigurations = (
				2E279E092B68DBFD0086F827 /* Debug */,
				2E279E0A2B68DBFD0086F827 /* Release */,
			);
			defaultConfigurationIsVisible = 0;
			defaultConfigurationName = Release;
		};
/* End XCConfigurationList section */

/* Begin XCRemoteSwiftPackageReference section */
		2E14A2172B69C7CD00B75CDB /* XCRemoteSwiftPackageReference "SnapKit" */ = {
			isa = XCRemoteSwiftPackageReference;
			repositoryURL = "https://github.com/SnapKit/SnapKit.git";
			requirement = {
				kind = upToNextMajorVersion;
				minimumVersion = 5.7.0;
			};
		};
		2E279E0D2B68DCE40086F827 /* XCRemoteSwiftPackageReference "Kingfisher" */ = {
			isa = XCRemoteSwiftPackageReference;
			repositoryURL = "https://github.com/onevcat/Kingfisher";
			requirement = {
				kind = upToNextMajorVersion;
				minimumVersion = 7.10.2;
			};
		};
		2E279E102B68DCED0086F827 /* XCRemoteSwiftPackageReference "Alamofire" */ = {
			isa = XCRemoteSwiftPackageReference;
			repositoryURL = "https://github.com/Alamofire/Alamofire";
			requirement = {
				kind = upToNextMajorVersion;
				minimumVersion = 5.8.1;
			};
		};
		2E279E182B68DD010086F827 /* XCRemoteSwiftPackageReference "Then" */ = {
			isa = XCRemoteSwiftPackageReference;
			repositoryURL = "https://github.com/devxoul/Then";
			requirement = {
				kind = upToNextMajorVersion;
				minimumVersion = 3.0.0;
			};
		};
/* End XCRemoteSwiftPackageReference section */

/* Begin XCSwiftPackageProductDependency section */
		2E14A2182B69C7CD00B75CDB /* SnapKit */ = {
			isa = XCSwiftPackageProductDependency;
			package = 2E14A2172B69C7CD00B75CDB /* XCRemoteSwiftPackageReference "SnapKit" */;
			productName = SnapKit;
		};
		2E279E0E2B68DCE40086F827 /* Kingfisher */ = {
			isa = XCSwiftPackageProductDependency;
			package = 2E279E0D2B68DCE40086F827 /* XCRemoteSwiftPackageReference "Kingfisher" */;
			productName = Kingfisher;
		};
		2E279E112B68DCED0086F827 /* Alamofire */ = {
			isa = XCSwiftPackageProductDependency;
			package = 2E279E102B68DCED0086F827 /* XCRemoteSwiftPackageReference "Alamofire" */;
			productName = Alamofire;
		};
		2E279E192B68DD010086F827 /* Then */ = {
			isa = XCSwiftPackageProductDependency;
			package = 2E279E182B68DD010086F827 /* XCRemoteSwiftPackageReference "Then" */;
			productName = Then;
		};
/* End XCSwiftPackageProductDependency section */
	};
	rootObject = 2E279DEC2B68DBFB0086F827 /* Project object */;
}
